
Microsoft Visual Studio Solution File, Format Version 12.00
# Visual Studio Version 17
VisualStudioVersion = 17.4.33110.190
MinimumVisualStudioVersion = 10.0.40219.1
Project("{FAE04EC0-301F-11D3-BF4B-00C04F79EFBC}") = "ADONET_Task_Store_With_MVVM", "ADONET_Task_Store_With_MVVM\ADONET_Task_Store_With_MVVM.csproj", "{9E47DFA1-6863-4BDC-89EA-6E1224FC45F3}"
EndProject
Global
	GlobalSection(SolutionConfigurationPlatforms) = preSolution
		Debug|Any CPU = Debug|Any CPU
		Release|Any CPU = Release|Any CPU
	EndGlobalSection
	GlobalSection(ProjectConfigurationPlatforms) = postSolution
		{9E47DFA1-6863-4BDC-89EA-6E1224FC45F3}.Debug|Any CPU.ActiveCfg = Debug|Any CPU
		{9E47DFA1-6863-4BDC-89EA-6E1224FC45F3}.Debug|Any CPU.Build.0 = Debug|Any CPU
		{9E47DFA1-6863-4BDC-89EA-6E1224FC45F3}.Release|Any CPU.ActiveCfg = Release|Any CPU
		{9E47DFA1-6863-4BDC-89EA-6E1224FC45F3}.Release|Any CPU.Build.0 = Release|Any CPU
	EndGlobalSection
	GlobalSection(SolutionProperties) = preSolution
		HideSolutionNode = FALSE
	EndGlobalSection
	GlobalSection(ExtensibilityGlobals) = postSolution
		SolutionGuid = {5C54018B-16BE-439E-B4E9-3D984AB5E98E}
	EndGlobalSection
EndGlobal
